// !$*UTF8*$!
{
	archiveVersion = 1;
	classes = {
	};
	objectVersion = 46;
	objects = {

/* Begin PBXBuildFile section */
		09070FDD1AB0143900432845 /* smiley.png in Resources */ = {isa = PBXBuildFile; fileRef = 09070FDC1AB0143900432845 /* smiley.png */; };
		09070FDF1AB014AB00432845 /* comment.png in Resources */ = {isa = PBXBuildFile; fileRef = 09070FDE1AB014AB00432845 /* comment.png */; };
		09070FE31AB0185700432845 /* SignUpViewController.swift in Sources */ = {isa = PBXBuildFile; fileRef = 09070FE21AB0185700432845 /* SignUpViewController.swift */; };
		0920F77D1AB0076A0037C88D /* like.png in Resources */ = {isa = PBXBuildFile; fileRef = 0920F77C1AB0076A0037C88D /* like.png */; };
		097437BD1AB1606800C173BF /* SocialDetailTableViewCell.swift in Sources */ = {isa = PBXBuildFile; fileRef = 097437BC1AB1606800C173BF /* SocialDetailTableViewCell.swift */; };
		0984A2051ABE0D58007DE238 /* FeaturePostDataBase.swift in Sources */ = {isa = PBXBuildFile; fileRef = 0984A2041ABE0D58007DE238 /* FeaturePostDataBase.swift */; };
		09CE025D1A9E4780003EC91E /* SlideBarTableViewController.swift in Sources */ = {isa = PBXBuildFile; fileRef = 09CE025C1A9E4780003EC91E /* SlideBarTableViewController.swift */; };
		09E1F2821AD99FFA000FFCB2 /* ProfileTableViewController.swift in Sources */ = {isa = PBXBuildFile; fileRef = 09E1F2811AD99FFA000FFCB2 /* ProfileTableViewController.swift */; };
		09E1F2861AD9A748000FFCB2 /* ProfileTableViewCell.swift in Sources */ = {isa = PBXBuildFile; fileRef = 09E1F2851AD9A748000FFCB2 /* ProfileTableViewCell.swift */; };
		09E8DB8B1AB4BFA4000CCE8C /* Comment.swift in Sources */ = {isa = PBXBuildFile; fileRef = 09E8DB8A1AB4BFA4000CCE8C /* Comment.swift */; };
		17562DA91A8C120700327F26 /* LoginViewController.swift in Sources */ = {isa = PBXBuildFile; fileRef = 17562DA81A8C120700327F26 /* LoginViewController.swift */; };
		17562DAB1A8C208A00327F26 /* SocialDetailViewController.swift in Sources */ = {isa = PBXBuildFile; fileRef = 17562DAA1A8C208A00327F26 /* SocialDetailViewController.swift */; };
		1761AD881A9924D40090598D /* SocialTableViewCell.swift in Sources */ = {isa = PBXBuildFile; fileRef = 1761AD871A9924D40090598D /* SocialTableViewCell.swift */; };
		1761AD8A1A9952D10090598D /* NearMeTableViewCell.swift in Sources */ = {isa = PBXBuildFile; fileRef = 1761AD891A9952D10090598D /* NearMeTableViewCell.swift */; };
		17BE0B321A8BD36A0025AFC4 /* AppDelegate.swift in Sources */ = {isa = PBXBuildFile; fileRef = 17BE0B311A8BD36A0025AFC4 /* AppDelegate.swift */; };
		17BE0B361A8BD36A0025AFC4 /* NearMeViewController.swift in Sources */ = {isa = PBXBuildFile; fileRef = 17BE0B351A8BD36A0025AFC4 /* NearMeViewController.swift */; };
		17BE0B391A8BD36A0025AFC4 /* Main.storyboard in Resources */ = {isa = PBXBuildFile; fileRef = 17BE0B371A8BD36A0025AFC4 /* Main.storyboard */; };
		17BE0B3B1A8BD36A0025AFC4 /* Images.xcassets in Resources */ = {isa = PBXBuildFile; fileRef = 17BE0B3A1A8BD36A0025AFC4 /* Images.xcassets */; };
		17BE0B3E1A8BD36A0025AFC4 /* LaunchScreen.xib in Resources */ = {isa = PBXBuildFile; fileRef = 17BE0B3C1A8BD36A0025AFC4 /* LaunchScreen.xib */; };
		17BE0B561A8BD5700025AFC4 /* BumpViewController.swift in Sources */ = {isa = PBXBuildFile; fileRef = 17BE0B551A8BD5700025AFC4 /* BumpViewController.swift */; };
		17BE0B5A1A8BE5700025AFC4 /* Person.swift in Sources */ = {isa = PBXBuildFile; fileRef = 17BE0B591A8BE5700025AFC4 /* Person.swift */; };
		17D725141A91403C00252120 /* NearMe.swift in Sources */ = {isa = PBXBuildFile; fileRef = 17D725131A91403C00252120 /* NearMe.swift */; };
		17D725161A9141CD00252120 /* NearMeDetailViewController.swift in Sources */ = {isa = PBXBuildFile; fileRef = 17D725151A9141CD00252120 /* NearMeDetailViewController.swift */; };
		17EBF3061A8BE9C500B67B3D /* SocialViewController.swift in Sources */ = {isa = PBXBuildFile; fileRef = 17EBF3051A8BE9C500B67B3D /* SocialViewController.swift */; };
		9477AE521A9F030C00A2DCEF /* Bolts.framework in Frameworks */ = {isa = PBXBuildFile; fileRef = 9477AE4D1A9F030C00A2DCEF /* Bolts.framework */; };
		9477AE531A9F030C00A2DCEF /* Parse.framework in Frameworks */ = {isa = PBXBuildFile; fileRef = 9477AE4E1A9F030C00A2DCEF /* Parse.framework */; };
		9477AE541A9F030C00A2DCEF /* ParseCrashReporting.framework in Frameworks */ = {isa = PBXBuildFile; fileRef = 9477AE4F1A9F030C00A2DCEF /* ParseCrashReporting.framework */; };
		9477AE551A9F030C00A2DCEF /* ParseFacebookUtils.framework in Frameworks */ = {isa = PBXBuildFile; fileRef = 9477AE501A9F030C00A2DCEF /* ParseFacebookUtils.framework */; };
		9477AE561A9F030C00A2DCEF /* ParseUI.framework in Frameworks */ = {isa = PBXBuildFile; fileRef = 9477AE511A9F030C00A2DCEF /* ParseUI.framework */; };
		9477AE5F1A9F032000A2DCEF /* DataBase.swift in Sources */ = {isa = PBXBuildFile; fileRef = 9477AE581A9F032000A2DCEF /* DataBase.swift */; };
		9477AE601A9F032000A2DCEF /* PhotoDataBase.swift in Sources */ = {isa = PBXBuildFile; fileRef = 9477AE591A9F032000A2DCEF /* PhotoDataBase.swift */; };
		9477AE611A9F032000A2DCEF /* PostDataBase.swift in Sources */ = {isa = PBXBuildFile; fileRef = 9477AE5A1A9F032000A2DCEF /* PostDataBase.swift */; };
		9477AE631A9F032000A2DCEF /* RestaurantDataBase.swift in Sources */ = {isa = PBXBuildFile; fileRef = 9477AE5C1A9F032000A2DCEF /* RestaurantDataBase.swift */; };
		9477AE641A9F032000A2DCEF /* User.swift in Sources */ = {isa = PBXBuildFile; fileRef = 9477AE5D1A9F032000A2DCEF /* User.swift */; };
		9477AE651A9F032000A2DCEF /* UserDataBase.swift in Sources */ = {isa = PBXBuildFile; fileRef = 9477AE5E1A9F032000A2DCEF /* UserDataBase.swift */; };
		9477AE691A9F035900A2DCEF /* Bolts.framework in Frameworks */ = {isa = PBXBuildFile; fileRef = 9477AE4D1A9F030C00A2DCEF /* Bolts.framework */; };
		9477AE6A1A9F035C00A2DCEF /* Parse.framework in Frameworks */ = {isa = PBXBuildFile; fileRef = 9477AE4E1A9F030C00A2DCEF /* Parse.framework */; };
		9477AE6B1A9F035E00A2DCEF /* ParseCrashReporting.framework in Frameworks */ = {isa = PBXBuildFile; fileRef = 9477AE4F1A9F030C00A2DCEF /* ParseCrashReporting.framework */; };
		9477AE6C1A9F036000A2DCEF /* ParseFacebookUtils.framework in Frameworks */ = {isa = PBXBuildFile; fileRef = 9477AE501A9F030C00A2DCEF /* ParseFacebookUtils.framework */; };
		9477AE6D1A9F036200A2DCEF /* ParseUI.framework in Frameworks */ = {isa = PBXBuildFile; fileRef = 9477AE511A9F030C00A2DCEF /* ParseUI.framework */; };
		9477AE6E1A9F037900A2DCEF /* DataBase.swift in Sources */ = {isa = PBXBuildFile; fileRef = 9477AE581A9F032000A2DCEF /* DataBase.swift */; };
		9477AE6F1A9F037900A2DCEF /* PhotoDataBase.swift in Sources */ = {isa = PBXBuildFile; fileRef = 9477AE591A9F032000A2DCEF /* PhotoDataBase.swift */; };
		9477AE701A9F037900A2DCEF /* PostDataBase.swift in Sources */ = {isa = PBXBuildFile; fileRef = 9477AE5A1A9F032000A2DCEF /* PostDataBase.swift */; };
		9477AE721A9F037900A2DCEF /* RestaurantDataBase.swift in Sources */ = {isa = PBXBuildFile; fileRef = 9477AE5C1A9F032000A2DCEF /* RestaurantDataBase.swift */; };
		9477AE731A9F037900A2DCEF /* User.swift in Sources */ = {isa = PBXBuildFile; fileRef = 9477AE5D1A9F032000A2DCEF /* User.swift */; };
		9477AE741A9F037900A2DCEF /* UserDataBase.swift in Sources */ = {isa = PBXBuildFile; fileRef = 9477AE5E1A9F032000A2DCEF /* UserDataBase.swift */; };
		9477AE791A9F050400A2DCEF /* ParseHeader.m in Sources */ = {isa = PBXBuildFile; fileRef = 9477AE781A9F050400A2DCEF /* ParseHeader.m */; };
		9477AE7A1A9F050400A2DCEF /* ParseHeader.m in Sources */ = {isa = PBXBuildFile; fileRef = 9477AE781A9F050400A2DCEF /* ParseHeader.m */; };
		9477AE7C1A9F059600A2DCEF /* AudioToolbox.framework in Frameworks */ = {isa = PBXBuildFile; fileRef = 9477AE7B1A9F059600A2DCEF /* AudioToolbox.framework */; };
		9477AE7E1A9F059D00A2DCEF /* CFNetwork.framework in Frameworks */ = {isa = PBXBuildFile; fileRef = 9477AE7D1A9F059D00A2DCEF /* CFNetwork.framework */; };
		9477AE801A9F05A300A2DCEF /* CoreGraphics.framework in Frameworks */ = {isa = PBXBuildFile; fileRef = 9477AE7F1A9F05A300A2DCEF /* CoreGraphics.framework */; };
		9477AE821A9F05AE00A2DCEF /* CoreLocation.framework in Frameworks */ = {isa = PBXBuildFile; fileRef = 9477AE811A9F05AE00A2DCEF /* CoreLocation.framework */; };
		9477AE841A9F05B600A2DCEF /* MobileCoreServices.framework in Frameworks */ = {isa = PBXBuildFile; fileRef = 9477AE831A9F05B600A2DCEF /* MobileCoreServices.framework */; };
		9477AE861A9F05BF00A2DCEF /* QuartzCore.framework in Frameworks */ = {isa = PBXBuildFile; fileRef = 9477AE851A9F05BF00A2DCEF /* QuartzCore.framework */; };
		9477AE881A9F05CC00A2DCEF /* Security.framework in Frameworks */ = {isa = PBXBuildFile; fileRef = 9477AE871A9F05CC00A2DCEF /* Security.framework */; };
		9477AE8A1A9F05D300A2DCEF /* StoreKit.framework in Frameworks */ = {isa = PBXBuildFile; fileRef = 9477AE891A9F05D300A2DCEF /* StoreKit.framework */; };
		9477AE8C1A9F05DD00A2DCEF /* SystemConfiguration.framework in Frameworks */ = {isa = PBXBuildFile; fileRef = 9477AE8B1A9F05DD00A2DCEF /* SystemConfiguration.framework */; };
		9477AE8E1A9F05E600A2DCEF /* libz.dylib in Frameworks */ = {isa = PBXBuildFile; fileRef = 9477AE8D1A9F05E600A2DCEF /* libz.dylib */; };
		9477AE901A9F05ED00A2DCEF /* libsqlite3.dylib in Frameworks */ = {isa = PBXBuildFile; fileRef = 9477AE8F1A9F05ED00A2DCEF /* libsqlite3.dylib */; };
		9477AE911A9F060C00A2DCEF /* libsqlite3.dylib in Frameworks */ = {isa = PBXBuildFile; fileRef = 9477AE8F1A9F05ED00A2DCEF /* libsqlite3.dylib */; };
		9477AE921A9F060F00A2DCEF /* libz.dylib in Frameworks */ = {isa = PBXBuildFile; fileRef = 9477AE8D1A9F05E600A2DCEF /* libz.dylib */; };
		9477AE931A9F061300A2DCEF /* SystemConfiguration.framework in Frameworks */ = {isa = PBXBuildFile; fileRef = 9477AE8B1A9F05DD00A2DCEF /* SystemConfiguration.framework */; };
		9477AE941A9F061300A2DCEF /* StoreKit.framework in Frameworks */ = {isa = PBXBuildFile; fileRef = 9477AE891A9F05D300A2DCEF /* StoreKit.framework */; };
		9477AE951A9F061300A2DCEF /* Security.framework in Frameworks */ = {isa = PBXBuildFile; fileRef = 9477AE871A9F05CC00A2DCEF /* Security.framework */; };
		9477AE961A9F061300A2DCEF /* QuartzCore.framework in Frameworks */ = {isa = PBXBuildFile; fileRef = 9477AE851A9F05BF00A2DCEF /* QuartzCore.framework */; };
		9477AE971A9F061300A2DCEF /* MobileCoreServices.framework in Frameworks */ = {isa = PBXBuildFile; fileRef = 9477AE831A9F05B600A2DCEF /* MobileCoreServices.framework */; };
		9477AE981A9F061300A2DCEF /* CoreLocation.framework in Frameworks */ = {isa = PBXBuildFile; fileRef = 9477AE811A9F05AE00A2DCEF /* CoreLocation.framework */; };
		9477AE991A9F061300A2DCEF /* CoreGraphics.framework in Frameworks */ = {isa = PBXBuildFile; fileRef = 9477AE7F1A9F05A300A2DCEF /* CoreGraphics.framework */; };
		9477AE9A1A9F061300A2DCEF /* CFNetwork.framework in Frameworks */ = {isa = PBXBuildFile; fileRef = 9477AE7D1A9F059D00A2DCEF /* CFNetwork.framework */; };
		9477AE9B1A9F061300A2DCEF /* AudioToolbox.framework in Frameworks */ = {isa = PBXBuildFile; fileRef = 9477AE7B1A9F059600A2DCEF /* AudioToolbox.framework */; };
		BA2B71531ABE3B540058862E /* AddFreeViewController.swift in Sources */ = {isa = PBXBuildFile; fileRef = BA2B71521ABE3B540058862E /* AddFreeViewController.swift */; };
		BB598A561AE2F489009F5997 /* CommentDataBase.swift in Sources */ = {isa = PBXBuildFile; fileRef = BB598A541AE2F489009F5997 /* CommentDataBase.swift */; };
		BB598A571AE2F489009F5997 /* LikeDataBase.swift in Sources */ = {isa = PBXBuildFile; fileRef = BB598A551AE2F489009F5997 /* LikeDataBase.swift */; };
		BB598A621AE2F49E009F5997 /* LogInTest.swift in Sources */ = {isa = PBXBuildFile; fileRef = BB598A5A1AE2F49E009F5997 /* LogInTest.swift */; };
		BB598A631AE2F49E009F5997 /* RelationalTestingDataBase.swift in Sources */ = {isa = PBXBuildFile; fileRef = BB598A5B1AE2F49E009F5997 /* RelationalTestingDataBase.swift */; };
		BB598A641AE2F49E009F5997 /* SampleTests.swift in Sources */ = {isa = PBXBuildFile; fileRef = BB598A5C1AE2F49E009F5997 /* SampleTests.swift */; };
		BB598A651AE2F49E009F5997 /* SignUpTest.swift in Sources */ = {isa = PBXBuildFile; fileRef = BB598A5D1AE2F49E009F5997 /* SignUpTest.swift */; };
		BB598A661AE2F49E009F5997 /* TestingDataBase.swift in Sources */ = {isa = PBXBuildFile; fileRef = BB598A5E1AE2F49E009F5997 /* TestingDataBase.swift */; };
		BB598A671AE2F49E009F5997 /* TestingDownloadTest.swift in Sources */ = {isa = PBXBuildFile; fileRef = BB598A5F1AE2F49E009F5997 /* TestingDownloadTest.swift */; };
		BB598A681AE2F49E009F5997 /* TestingUploadTest.swift in Sources */ = {isa = PBXBuildFile; fileRef = BB598A601AE2F49E009F5997 /* TestingUploadTest.swift */; };
		BB8E475F1AF041B20076151C /* CloudCodeTest.swift in Sources */ = {isa = PBXBuildFile; fileRef = BB8E475E1AF041B20076151C /* CloudCodeTest.swift */; };
/* End PBXBuildFile section */

/* Begin PBXContainerItemProxy section */
		17BE0B441A8BD36A0025AFC4 /* PBXContainerItemProxy */ = {
			isa = PBXContainerItemProxy;
			containerPortal = 17BE0B241A8BD36A0025AFC4 /* Project object */;
			proxyType = 1;
			remoteGlobalIDString = 17BE0B2B1A8BD36A0025AFC4;
			remoteInfo = Sample;
		};
/* End PBXContainerItemProxy section */

/* Begin PBXFileReference section */
		09070FDC1AB0143900432845 /* smiley.png */ = {isa = PBXFileReference; lastKnownFileType = image.png; name = smiley.png; path = ../../smiley.png; sourceTree = "<group>"; };
		09070FDE1AB014AB00432845 /* comment.png */ = {isa = PBXFileReference; lastKnownFileType = image.png; name = comment.png; path = ../../comment.png; sourceTree = "<group>"; };
		09070FE21AB0185700432845 /* SignUpViewController.swift */ = {isa = PBXFileReference; fileEncoding = 4; lastKnownFileType = sourcecode.swift; path = SignUpViewController.swift; sourceTree = "<group>"; };
		0920F77C1AB0076A0037C88D /* like.png */ = {isa = PBXFileReference; lastKnownFileType = image.png; name = like.png; path = ../../like.png; sourceTree = "<group>"; };
		097437BC1AB1606800C173BF /* SocialDetailTableViewCell.swift */ = {isa = PBXFileReference; fileEncoding = 4; lastKnownFileType = sourcecode.swift; path = SocialDetailTableViewCell.swift; sourceTree = "<group>"; };
		0984A2041ABE0D58007DE238 /* FeaturePostDataBase.swift */ = {isa = PBXFileReference; fileEncoding = 4; lastKnownFileType = sourcecode.swift; path = FeaturePostDataBase.swift; sourceTree = "<group>"; };
		09CE025C1A9E4780003EC91E /* SlideBarTableViewController.swift */ = {isa = PBXFileReference; fileEncoding = 4; lastKnownFileType = sourcecode.swift; path = SlideBarTableViewController.swift; sourceTree = "<group>"; };
		09E1F2811AD99FFA000FFCB2 /* ProfileTableViewController.swift */ = {isa = PBXFileReference; fileEncoding = 4; lastKnownFileType = sourcecode.swift; path = ProfileTableViewController.swift; sourceTree = "<group>"; };
		09E1F2851AD9A748000FFCB2 /* ProfileTableViewCell.swift */ = {isa = PBXFileReference; fileEncoding = 4; lastKnownFileType = sourcecode.swift; path = ProfileTableViewCell.swift; sourceTree = "<group>"; };
		09E8DB8A1AB4BFA4000CCE8C /* Comment.swift */ = {isa = PBXFileReference; fileEncoding = 4; lastKnownFileType = sourcecode.swift; path = Comment.swift; sourceTree = "<group>"; };
		17562DA81A8C120700327F26 /* LoginViewController.swift */ = {isa = PBXFileReference; fileEncoding = 4; lastKnownFileType = sourcecode.swift; path = LoginViewController.swift; sourceTree = "<group>"; };
		17562DAA1A8C208A00327F26 /* SocialDetailViewController.swift */ = {isa = PBXFileReference; fileEncoding = 4; lastKnownFileType = sourcecode.swift; path = SocialDetailViewController.swift; sourceTree = "<group>"; };
		1761AD871A9924D40090598D /* SocialTableViewCell.swift */ = {isa = PBXFileReference; fileEncoding = 4; lastKnownFileType = sourcecode.swift; path = SocialTableViewCell.swift; sourceTree = "<group>"; };
		1761AD891A9952D10090598D /* NearMeTableViewCell.swift */ = {isa = PBXFileReference; fileEncoding = 4; lastKnownFileType = sourcecode.swift; path = NearMeTableViewCell.swift; sourceTree = "<group>"; };
		17BE0B2C1A8BD36A0025AFC4 /* Project Foodie.app */ = {isa = PBXFileReference; explicitFileType = wrapper.application; includeInIndex = 0; path = "Project Foodie.app"; sourceTree = BUILT_PRODUCTS_DIR; };
		17BE0B301A8BD36A0025AFC4 /* Info.plist */ = {isa = PBXFileReference; lastKnownFileType = text.plist.xml; path = Info.plist; sourceTree = "<group>"; };
		17BE0B311A8BD36A0025AFC4 /* AppDelegate.swift */ = {isa = PBXFileReference; lastKnownFileType = sourcecode.swift; path = AppDelegate.swift; sourceTree = "<group>"; };
		17BE0B351A8BD36A0025AFC4 /* NearMeViewController.swift */ = {isa = PBXFileReference; lastKnownFileType = sourcecode.swift; path = NearMeViewController.swift; sourceTree = "<group>"; };
		17BE0B381A8BD36A0025AFC4 /* Base */ = {isa = PBXFileReference; lastKnownFileType = file.storyboard; name = Base; path = Base.lproj/Main.storyboard; sourceTree = "<group>"; };
		17BE0B3A1A8BD36A0025AFC4 /* Images.xcassets */ = {isa = PBXFileReference; lastKnownFileType = folder.assetcatalog; path = Images.xcassets; sourceTree = "<group>"; };
		17BE0B3D1A8BD36A0025AFC4 /* Base */ = {isa = PBXFileReference; lastKnownFileType = file.xib; name = Base; path = Base.lproj/LaunchScreen.xib; sourceTree = "<group>"; };
		17BE0B431A8BD36A0025AFC4 /* Project FoodieTests.xctest */ = {isa = PBXFileReference; explicitFileType = wrapper.cfbundle; includeInIndex = 0; path = "Project FoodieTests.xctest"; sourceTree = BUILT_PRODUCTS_DIR; };
		17BE0B551A8BD5700025AFC4 /* BumpViewController.swift */ = {isa = PBXFileReference; fileEncoding = 4; lastKnownFileType = sourcecode.swift; path = BumpViewController.swift; sourceTree = "<group>"; };
		17BE0B591A8BE5700025AFC4 /* Person.swift */ = {isa = PBXFileReference; fileEncoding = 4; lastKnownFileType = sourcecode.swift; path = Person.swift; sourceTree = "<group>"; };
		17D725131A91403C00252120 /* NearMe.swift */ = {isa = PBXFileReference; fileEncoding = 4; lastKnownFileType = sourcecode.swift; path = NearMe.swift; sourceTree = "<group>"; };
		17D725151A9141CD00252120 /* NearMeDetailViewController.swift */ = {isa = PBXFileReference; fileEncoding = 4; lastKnownFileType = sourcecode.swift; path = NearMeDetailViewController.swift; sourceTree = "<group>"; };
		17EBF3051A8BE9C500B67B3D /* SocialViewController.swift */ = {isa = PBXFileReference; fileEncoding = 4; lastKnownFileType = sourcecode.swift; path = SocialViewController.swift; sourceTree = "<group>"; };
		9477AE4D1A9F030C00A2DCEF /* Bolts.framework */ = {isa = PBXFileReference; lastKnownFileType = wrapper.framework; name = Bolts.framework; path = Sample/Framework/Bolts.framework; sourceTree = "<group>"; };
		9477AE4E1A9F030C00A2DCEF /* Parse.framework */ = {isa = PBXFileReference; lastKnownFileType = wrapper.framework; name = Parse.framework; path = Sample/Framework/Parse.framework; sourceTree = "<group>"; };
		9477AE4F1A9F030C00A2DCEF /* ParseCrashReporting.framework */ = {isa = PBXFileReference; lastKnownFileType = wrapper.framework; name = ParseCrashReporting.framework; path = Sample/Framework/ParseCrashReporting.framework; sourceTree = "<group>"; };
		9477AE501A9F030C00A2DCEF /* ParseFacebookUtils.framework */ = {isa = PBXFileReference; lastKnownFileType = wrapper.framework; name = ParseFacebookUtils.framework; path = Sample/Framework/ParseFacebookUtils.framework; sourceTree = "<group>"; };
		9477AE511A9F030C00A2DCEF /* ParseUI.framework */ = {isa = PBXFileReference; lastKnownFileType = wrapper.framework; name = ParseUI.framework; path = Sample/Framework/ParseUI.framework; sourceTree = "<group>"; };
		9477AE581A9F032000A2DCEF /* DataBase.swift */ = {isa = PBXFileReference; fileEncoding = 4; lastKnownFileType = sourcecode.swift; path = DataBase.swift; sourceTree = "<group>"; };
		9477AE591A9F032000A2DCEF /* PhotoDataBase.swift */ = {isa = PBXFileReference; fileEncoding = 4; lastKnownFileType = sourcecode.swift; path = PhotoDataBase.swift; sourceTree = "<group>"; };
		9477AE5A1A9F032000A2DCEF /* PostDataBase.swift */ = {isa = PBXFileReference; fileEncoding = 4; lastKnownFileType = sourcecode.swift; path = PostDataBase.swift; sourceTree = "<group>"; };
		9477AE5C1A9F032000A2DCEF /* RestaurantDataBase.swift */ = {isa = PBXFileReference; fileEncoding = 4; lastKnownFileType = sourcecode.swift; path = RestaurantDataBase.swift; sourceTree = "<group>"; };
		9477AE5D1A9F032000A2DCEF /* User.swift */ = {isa = PBXFileReference; fileEncoding = 4; lastKnownFileType = sourcecode.swift; path = User.swift; sourceTree = "<group>"; };
		9477AE5E1A9F032000A2DCEF /* UserDataBase.swift */ = {isa = PBXFileReference; fileEncoding = 4; lastKnownFileType = sourcecode.swift; path = UserDataBase.swift; sourceTree = "<group>"; };
		9477AE761A9F050300A2DCEF /* Project Foodie-Bridging-Header.h */ = {isa = PBXFileReference; lastKnownFileType = sourcecode.c.h; path = "Project Foodie-Bridging-Header.h"; sourceTree = "<group>"; };
		9477AE771A9F050300A2DCEF /* Project FoodieTests-Bridging-Header.h */ = {isa = PBXFileReference; lastKnownFileType = sourcecode.c.h; path = "Project FoodieTests-Bridging-Header.h"; sourceTree = "<group>"; };
		9477AE781A9F050400A2DCEF /* ParseHeader.m */ = {isa = PBXFileReference; fileEncoding = 4; lastKnownFileType = sourcecode.c.objc; path = ParseHeader.m; sourceTree = "<group>"; };
		9477AE7B1A9F059600A2DCEF /* AudioToolbox.framework */ = {isa = PBXFileReference; lastKnownFileType = wrapper.framework; name = AudioToolbox.framework; path = System/Library/Frameworks/AudioToolbox.framework; sourceTree = SDKROOT; };
		9477AE7D1A9F059D00A2DCEF /* CFNetwork.framework */ = {isa = PBXFileReference; lastKnownFileType = wrapper.framework; name = CFNetwork.framework; path = System/Library/Frameworks/CFNetwork.framework; sourceTree = SDKROOT; };
		9477AE7F1A9F05A300A2DCEF /* CoreGraphics.framework */ = {isa = PBXFileReference; lastKnownFileType = wrapper.framework; name = CoreGraphics.framework; path = System/Library/Frameworks/CoreGraphics.framework; sourceTree = SDKROOT; };
		9477AE811A9F05AE00A2DCEF /* CoreLocation.framework */ = {isa = PBXFileReference; lastKnownFileType = wrapper.framework; name = CoreLocation.framework; path = System/Library/Frameworks/CoreLocation.framework; sourceTree = SDKROOT; };
		9477AE831A9F05B600A2DCEF /* MobileCoreServices.framework */ = {isa = PBXFileReference; lastKnownFileType = wrapper.framework; name = MobileCoreServices.framework; path = System/Library/Frameworks/MobileCoreServices.framework; sourceTree = SDKROOT; };
		9477AE851A9F05BF00A2DCEF /* QuartzCore.framework */ = {isa = PBXFileReference; lastKnownFileType = wrapper.framework; name = QuartzCore.framework; path = System/Library/Frameworks/QuartzCore.framework; sourceTree = SDKROOT; };
		9477AE871A9F05CC00A2DCEF /* Security.framework */ = {isa = PBXFileReference; lastKnownFileType = wrapper.framework; name = Security.framework; path = System/Library/Frameworks/Security.framework; sourceTree = SDKROOT; };
		9477AE891A9F05D300A2DCEF /* StoreKit.framework */ = {isa = PBXFileReference; lastKnownFileType = wrapper.framework; name = StoreKit.framework; path = System/Library/Frameworks/StoreKit.framework; sourceTree = SDKROOT; };
		9477AE8B1A9F05DD00A2DCEF /* SystemConfiguration.framework */ = {isa = PBXFileReference; lastKnownFileType = wrapper.framework; name = SystemConfiguration.framework; path = System/Library/Frameworks/SystemConfiguration.framework; sourceTree = SDKROOT; };
		9477AE8D1A9F05E600A2DCEF /* libz.dylib */ = {isa = PBXFileReference; lastKnownFileType = "compiled.mach-o.dylib"; name = libz.dylib; path = usr/lib/libz.dylib; sourceTree = SDKROOT; };
		9477AE8F1A9F05ED00A2DCEF /* libsqlite3.dylib */ = {isa = PBXFileReference; lastKnownFileType = "compiled.mach-o.dylib"; name = libsqlite3.dylib; path = usr/lib/libsqlite3.dylib; sourceTree = SDKROOT; };
		BA2B71521ABE3B540058862E /* AddFreeViewController.swift */ = {isa = PBXFileReference; fileEncoding = 4; lastKnownFileType = sourcecode.swift; path = AddFreeViewController.swift; sourceTree = "<group>"; };
		BB598A541AE2F489009F5997 /* CommentDataBase.swift */ = {isa = PBXFileReference; fileEncoding = 4; lastKnownFileType = sourcecode.swift; path = CommentDataBase.swift; sourceTree = "<group>"; };
		BB598A551AE2F489009F5997 /* LikeDataBase.swift */ = {isa = PBXFileReference; fileEncoding = 4; lastKnownFileType = sourcecode.swift; path = LikeDataBase.swift; sourceTree = "<group>"; };
		BB598A591AE2F49E009F5997 /* Info.plist */ = {isa = PBXFileReference; fileEncoding = 4; lastKnownFileType = text.plist.xml; path = Info.plist; sourceTree = "<group>"; };
		BB598A5A1AE2F49E009F5997 /* LogInTest.swift */ = {isa = PBXFileReference; fileEncoding = 4; lastKnownFileType = sourcecode.swift; path = LogInTest.swift; sourceTree = "<group>"; };
		BB598A5B1AE2F49E009F5997 /* RelationalTestingDataBase.swift */ = {isa = PBXFileReference; fileEncoding = 4; lastKnownFileType = sourcecode.swift; path = RelationalTestingDataBase.swift; sourceTree = "<group>"; };
		BB598A5C1AE2F49E009F5997 /* SampleTests.swift */ = {isa = PBXFileReference; fileEncoding = 4; lastKnownFileType = sourcecode.swift; path = SampleTests.swift; sourceTree = "<group>"; };
		BB598A5D1AE2F49E009F5997 /* SignUpTest.swift */ = {isa = PBXFileReference; fileEncoding = 4; lastKnownFileType = sourcecode.swift; path = SignUpTest.swift; sourceTree = "<group>"; };
		BB598A5E1AE2F49E009F5997 /* TestingDataBase.swift */ = {isa = PBXFileReference; fileEncoding = 4; lastKnownFileType = sourcecode.swift; path = TestingDataBase.swift; sourceTree = "<group>"; };
		BB598A5F1AE2F49E009F5997 /* TestingDownloadTest.swift */ = {isa = PBXFileReference; fileEncoding = 4; lastKnownFileType = sourcecode.swift; path = TestingDownloadTest.swift; sourceTree = "<group>"; };
		BB598A601AE2F49E009F5997 /* TestingUploadTest.swift */ = {isa = PBXFileReference; fileEncoding = 4; lastKnownFileType = sourcecode.swift; path = TestingUploadTest.swift; sourceTree = "<group>"; };
		BB8E475E1AF041B20076151C /* CloudCodeTest.swift */ = {isa = PBXFileReference; fileEncoding = 4; lastKnownFileType = sourcecode.swift; path = CloudCodeTest.swift; sourceTree = "<group>"; };
/* End PBXFileReference section */

/* Begin PBXFrameworksBuildPhase section */
		17BE0B291A8BD36A0025AFC4 /* Frameworks */ = {
			isa = PBXFrameworksBuildPhase;
			buildActionMask = 2147483647;
			files = (
				9477AE901A9F05ED00A2DCEF /* libsqlite3.dylib in Frameworks */,
				9477AE8E1A9F05E600A2DCEF /* libz.dylib in Frameworks */,
				9477AE8C1A9F05DD00A2DCEF /* SystemConfiguration.framework in Frameworks */,
				9477AE8A1A9F05D300A2DCEF /* StoreKit.framework in Frameworks */,
				9477AE881A9F05CC00A2DCEF /* Security.framework in Frameworks */,
				9477AE861A9F05BF00A2DCEF /* QuartzCore.framework in Frameworks */,
				9477AE841A9F05B600A2DCEF /* MobileCoreServices.framework in Frameworks */,
				9477AE821A9F05AE00A2DCEF /* CoreLocation.framework in Frameworks */,
				9477AE801A9F05A300A2DCEF /* CoreGraphics.framework in Frameworks */,
				9477AE7E1A9F059D00A2DCEF /* CFNetwork.framework in Frameworks */,
				9477AE7C1A9F059600A2DCEF /* AudioToolbox.framework in Frameworks */,
				9477AE521A9F030C00A2DCEF /* Bolts.framework in Frameworks */,
				9477AE531A9F030C00A2DCEF /* Parse.framework in Frameworks */,
				9477AE541A9F030C00A2DCEF /* ParseCrashReporting.framework in Frameworks */,
				9477AE551A9F030C00A2DCEF /* ParseFacebookUtils.framework in Frameworks */,
				9477AE561A9F030C00A2DCEF /* ParseUI.framework in Frameworks */,
			);
			runOnlyForDeploymentPostprocessing = 0;
		};
		17BE0B401A8BD36A0025AFC4 /* Frameworks */ = {
			isa = PBXFrameworksBuildPhase;
			buildActionMask = 2147483647;
			files = (
				9477AE941A9F061300A2DCEF /* StoreKit.framework in Frameworks */,
				9477AE6A1A9F035C00A2DCEF /* Parse.framework in Frameworks */,
				9477AE981A9F061300A2DCEF /* CoreLocation.framework in Frameworks */,
				9477AE6B1A9F035E00A2DCEF /* ParseCrashReporting.framework in Frameworks */,
				9477AE961A9F061300A2DCEF /* QuartzCore.framework in Frameworks */,
				9477AE921A9F060F00A2DCEF /* libz.dylib in Frameworks */,
				9477AE6D1A9F036200A2DCEF /* ParseUI.framework in Frameworks */,
				9477AE6C1A9F036000A2DCEF /* ParseFacebookUtils.framework in Frameworks */,
				9477AE951A9F061300A2DCEF /* Security.framework in Frameworks */,
				9477AE9A1A9F061300A2DCEF /* CFNetwork.framework in Frameworks */,
				9477AE911A9F060C00A2DCEF /* libsqlite3.dylib in Frameworks */,
				9477AE9B1A9F061300A2DCEF /* AudioToolbox.framework in Frameworks */,
				9477AE991A9F061300A2DCEF /* CoreGraphics.framework in Frameworks */,
				9477AE971A9F061300A2DCEF /* MobileCoreServices.framework in Frameworks */,
				9477AE931A9F061300A2DCEF /* SystemConfiguration.framework in Frameworks */,
				9477AE691A9F035900A2DCEF /* Bolts.framework in Frameworks */,
			);
			runOnlyForDeploymentPostprocessing = 0;
		};
/* End PBXFrameworksBuildPhase section */

/* Begin PBXGroup section */
		097437BE1AB163CD00C173BF /* Pictures */ = {
			isa = PBXGroup;
			children = (
				0920F77C1AB0076A0037C88D /* like.png */,
				09070FDC1AB0143900432845 /* smiley.png */,
				09070FDE1AB014AB00432845 /* comment.png */,
			);
			name = Pictures;
			sourceTree = "<group>";
		};
		17BE0B231A8BD36A0025AFC4 = {
			isa = PBXGroup;
			children = (
				17BE0B2E1A8BD36A0025AFC4 /* Sample */,
				BB598A581AE2F49E009F5997 /* SampleTests */,
				9477AE9C1A9F062800A2DCEF /* Framework */,
				17BE0B2D1A8BD36A0025AFC4 /* Products */,
			);
			sourceTree = "<group>";
		};
		17BE0B2D1A8BD36A0025AFC4 /* Products */ = {
			isa = PBXGroup;
			children = (
				17BE0B2C1A8BD36A0025AFC4 /* Project Foodie.app */,
				17BE0B431A8BD36A0025AFC4 /* Project FoodieTests.xctest */,
			);
			name = Products;
			sourceTree = "<group>";
		};
		17BE0B2E1A8BD36A0025AFC4 /* Sample */ = {
			isa = PBXGroup;
			children = (
				9477AE571A9F032000A2DCEF /* DataBase */,
				17BE0B371A8BD36A0025AFC4 /* Main.storyboard */,
				17BE0B3A1A8BD36A0025AFC4 /* Images.xcassets */,
				17BE0B3C1A8BD36A0025AFC4 /* LaunchScreen.xib */,
				17562DA81A8C120700327F26 /* LoginViewController.swift */,
				09070FE21AB0185700432845 /* SignUpViewController.swift */,
				09CE025C1A9E4780003EC91E /* SlideBarTableViewController.swift */,
				17EBF3051A8BE9C500B67B3D /* SocialViewController.swift */,
				1761AD871A9924D40090598D /* SocialTableViewCell.swift */,
				17562DAA1A8C208A00327F26 /* SocialDetailViewController.swift */,
				097437BC1AB1606800C173BF /* SocialDetailTableViewCell.swift */,
				17BE0B591A8BE5700025AFC4 /* Person.swift */,
				17D725131A91403C00252120 /* NearMe.swift */,
				17BE0B351A8BD36A0025AFC4 /* NearMeViewController.swift */,
				BA2B71521ABE3B540058862E /* AddFreeViewController.swift */,
				17D725151A9141CD00252120 /* NearMeDetailViewController.swift */,
				1761AD891A9952D10090598D /* NearMeTableViewCell.swift */,
				17BE0B551A8BD5700025AFC4 /* BumpViewController.swift */,
				09E1F2811AD99FFA000FFCB2 /* ProfileTableViewController.swift */,
				09E1F2851AD9A748000FFCB2 /* ProfileTableViewCell.swift */,
				17BE0B311A8BD36A0025AFC4 /* AppDelegate.swift */,
				9477AE781A9F050400A2DCEF /* ParseHeader.m */,
				9477AE761A9F050300A2DCEF /* Project Foodie-Bridging-Header.h */,
				9477AE771A9F050300A2DCEF /* Project FoodieTests-Bridging-Header.h */,
				097437BE1AB163CD00C173BF /* Pictures */,
				17BE0B2F1A8BD36A0025AFC4 /* Supporting Files */,
				09E8DB8A1AB4BFA4000CCE8C /* Comment.swift */,
			);
			path = Sample;
			sourceTree = "<group>";
		};
		17BE0B2F1A8BD36A0025AFC4 /* Supporting Files */ = {
			isa = PBXGroup;
			children = (
				17BE0B301A8BD36A0025AFC4 /* Info.plist */,
			);
			name = "Supporting Files";
			sourceTree = "<group>";
		};
		9477AE571A9F032000A2DCEF /* DataBase */ = {
			isa = PBXGroup;
			children = (
				BB598A541AE2F489009F5997 /* CommentDataBase.swift */,
				BB598A551AE2F489009F5997 /* LikeDataBase.swift */,
				0984A2041ABE0D58007DE238 /* FeaturePostDataBase.swift */,
				9477AE581A9F032000A2DCEF /* DataBase.swift */,
				9477AE591A9F032000A2DCEF /* PhotoDataBase.swift */,
				9477AE5A1A9F032000A2DCEF /* PostDataBase.swift */,
				9477AE5C1A9F032000A2DCEF /* RestaurantDataBase.swift */,
				9477AE5D1A9F032000A2DCEF /* User.swift */,
				9477AE5E1A9F032000A2DCEF /* UserDataBase.swift */,
			);
			path = DataBase;
			sourceTree = "<group>";
		};
		9477AE9C1A9F062800A2DCEF /* Framework */ = {
			isa = PBXGroup;
			children = (
				9477AE8F1A9F05ED00A2DCEF /* libsqlite3.dylib */,
				9477AE8D1A9F05E600A2DCEF /* libz.dylib */,
				9477AE8B1A9F05DD00A2DCEF /* SystemConfiguration.framework */,
				9477AE891A9F05D300A2DCEF /* StoreKit.framework */,
				9477AE871A9F05CC00A2DCEF /* Security.framework */,
				9477AE851A9F05BF00A2DCEF /* QuartzCore.framework */,
				9477AE831A9F05B600A2DCEF /* MobileCoreServices.framework */,
				9477AE811A9F05AE00A2DCEF /* CoreLocation.framework */,
				9477AE7F1A9F05A300A2DCEF /* CoreGraphics.framework */,
				9477AE7D1A9F059D00A2DCEF /* CFNetwork.framework */,
				9477AE7B1A9F059600A2DCEF /* AudioToolbox.framework */,
				9477AE4D1A9F030C00A2DCEF /* Bolts.framework */,
				9477AE4E1A9F030C00A2DCEF /* Parse.framework */,
				9477AE4F1A9F030C00A2DCEF /* ParseCrashReporting.framework */,
				9477AE501A9F030C00A2DCEF /* ParseFacebookUtils.framework */,
				9477AE511A9F030C00A2DCEF /* ParseUI.framework */,
			);
			name = Framework;
			sourceTree = "<group>";
		};
		BB598A581AE2F49E009F5997 /* SampleTests */ = {
			isa = PBXGroup;
			children = (
				BB598A591AE2F49E009F5997 /* Info.plist */,
				BB598A5A1AE2F49E009F5997 /* LogInTest.swift */,
				BB598A5B1AE2F49E009F5997 /* RelationalTestingDataBase.swift */,
				BB598A5C1AE2F49E009F5997 /* SampleTests.swift */,
				BB598A5D1AE2F49E009F5997 /* SignUpTest.swift */,
				BB598A5E1AE2F49E009F5997 /* TestingDataBase.swift */,
				BB598A5F1AE2F49E009F5997 /* TestingDownloadTest.swift */,
				BB598A601AE2F49E009F5997 /* TestingUploadTest.swift */,
				BB8E475E1AF041B20076151C /* CloudCodeTest.swift */,
			);
			path = SampleTests;
			sourceTree = "<group>";
		};
/* End PBXGroup section */

/* Begin PBXNativeTarget section */
		17BE0B2B1A8BD36A0025AFC4 /* Project Foodie */ = {
			isa = PBXNativeTarget;
			buildConfigurationList = 17BE0B4D1A8BD36A0025AFC4 /* Build configuration list for PBXNativeTarget "Project Foodie" */;
			buildPhases = (
				17BE0B281A8BD36A0025AFC4 /* Sources */,
				17BE0B291A8BD36A0025AFC4 /* Frameworks */,
				17BE0B2A1A8BD36A0025AFC4 /* Resources */,
			);
			buildRules = (
			);
			dependencies = (
			);
			name = "Project Foodie";
			productName = Sample;
			productReference = 17BE0B2C1A8BD36A0025AFC4 /* Project Foodie.app */;
			productType = "com.apple.product-type.application";
		};
		17BE0B421A8BD36A0025AFC4 /* Project FoodieTests */ = {
			isa = PBXNativeTarget;
			buildConfigurationList = 17BE0B501A8BD36A0025AFC4 /* Build configuration list for PBXNativeTarget "Project FoodieTests" */;
			buildPhases = (
				17BE0B3F1A8BD36A0025AFC4 /* Sources */,
				17BE0B401A8BD36A0025AFC4 /* Frameworks */,
				17BE0B411A8BD36A0025AFC4 /* Resources */,
			);
			buildRules = (
			);
			dependencies = (
				17BE0B451A8BD36A0025AFC4 /* PBXTargetDependency */,
			);
			name = "Project FoodieTests";
			productName = SampleTests;
			productReference = 17BE0B431A8BD36A0025AFC4 /* Project FoodieTests.xctest */;
			productType = "com.apple.product-type.bundle.unit-test";
		};
/* End PBXNativeTarget section */

/* Begin PBXProject section */
		17BE0B241A8BD36A0025AFC4 /* Project object */ = {
			isa = PBXProject;
			attributes = {
				LastUpgradeCheck = 0630;
				ORGANIZATIONNAME = Victor;
				TargetAttributes = {
					17BE0B2B1A8BD36A0025AFC4 = {
						CreatedOnToolsVersion = 6.1.1;
						DevelopmentTeam = Y3WCWJ5G5H;
					};
					17BE0B421A8BD36A0025AFC4 = {
						CreatedOnToolsVersion = 6.1.1;
						TestTargetID = 17BE0B2B1A8BD36A0025AFC4;
					};
				};
			};
			buildConfigurationList = 17BE0B271A8BD36A0025AFC4 /* Build configuration list for PBXProject "Project Foodie" */;
			compatibilityVersion = "Xcode 3.2";
			developmentRegion = English;
			hasScannedForEncodings = 0;
			knownRegions = (
				en,
				Base,
			);
			mainGroup = 17BE0B231A8BD36A0025AFC4;
			productRefGroup = 17BE0B2D1A8BD36A0025AFC4 /* Products */;
			projectDirPath = "";
			projectRoot = "";
			targets = (
				17BE0B2B1A8BD36A0025AFC4 /* Project Foodie */,
				17BE0B421A8BD36A0025AFC4 /* Project FoodieTests */,
			);
		};
/* End PBXProject section */

/* Begin PBXResourcesBuildPhase section */
		17BE0B2A1A8BD36A0025AFC4 /* Resources */ = {
			isa = PBXResourcesBuildPhase;
			buildActionMask = 2147483647;
			files = (
				0920F77D1AB0076A0037C88D /* like.png in Resources */,
				09070FDF1AB014AB00432845 /* comment.png in Resources */,
				17BE0B391A8BD36A0025AFC4 /* Main.storyboard in Resources */,
				17BE0B3E1A8BD36A0025AFC4 /* LaunchScreen.xib in Resources */,
				09070FDD1AB0143900432845 /* smiley.png in Resources */,
				17BE0B3B1A8BD36A0025AFC4 /* Images.xcassets in Resources */,
			);
			runOnlyForDeploymentPostprocessing = 0;
		};
		17BE0B411A8BD36A0025AFC4 /* Resources */ = {
			isa = PBXResourcesBuildPhase;
			buildActionMask = 2147483647;
			files = (
			);
			runOnlyForDeploymentPostprocessing = 0;
		};
/* End PBXResourcesBuildPhase section */

/* Begin PBXSourcesBuildPhase section */
		17BE0B281A8BD36A0025AFC4 /* Sources */ = {
			isa = PBXSourcesBuildPhase;
			buildActionMask = 2147483647;
			files = (
				17562DAB1A8C208A00327F26 /* SocialDetailViewController.swift in Sources */,
				09E8DB8B1AB4BFA4000CCE8C /* Comment.swift in Sources */,
				17562DA91A8C120700327F26 /* LoginViewController.swift in Sources */,
				09E1F2861AD9A748000FFCB2 /* ProfileTableViewCell.swift in Sources */,
				BB598A561AE2F489009F5997 /* CommentDataBase.swift in Sources */,
				9477AE5F1A9F032000A2DCEF /* DataBase.swift in Sources */,
				1761AD881A9924D40090598D /* SocialTableViewCell.swift in Sources */,
				17BE0B361A8BD36A0025AFC4 /* NearMeViewController.swift in Sources */,
				BA2B71531ABE3B540058862E /* AddFreeViewController.swift in Sources */,
				17BE0B561A8BD5700025AFC4 /* BumpViewController.swift in Sources */,
				09E1F2821AD99FFA000FFCB2 /* ProfileTableViewController.swift in Sources */,
				9477AE611A9F032000A2DCEF /* PostDataBase.swift in Sources */,
				097437BD1AB1606800C173BF /* SocialDetailTableViewCell.swift in Sources */,
				9477AE791A9F050400A2DCEF /* ParseHeader.m in Sources */,
				BB598A571AE2F489009F5997 /* LikeDataBase.swift in Sources */,
				17D725161A9141CD00252120 /* NearMeDetailViewController.swift in Sources */,
				17BE0B321A8BD36A0025AFC4 /* AppDelegate.swift in Sources */,
				9477AE631A9F032000A2DCEF /* RestaurantDataBase.swift in Sources */,
				09CE025D1A9E4780003EC91E /* SlideBarTableViewController.swift in Sources */,
				9477AE601A9F032000A2DCEF /* PhotoDataBase.swift in Sources */,
				17EBF3061A8BE9C500B67B3D /* SocialViewController.swift in Sources */,
				09070FE31AB0185700432845 /* SignUpViewController.swift in Sources */,
				9477AE641A9F032000A2DCEF /* User.swift in Sources */,
				0984A2051ABE0D58007DE238 /* FeaturePostDataBase.swift in Sources */,
				17BE0B5A1A8BE5700025AFC4 /* Person.swift in Sources */,
				1761AD8A1A9952D10090598D /* NearMeTableViewCell.swift in Sources */,
				9477AE651A9F032000A2DCEF /* UserDataBase.swift in Sources */,
				17D725141A91403C00252120 /* NearMe.swift in Sources */,
			);
			runOnlyForDeploymentPostprocessing = 0;
		};
		17BE0B3F1A8BD36A0025AFC4 /* Sources */ = {
			isa = PBXSourcesBuildPhase;
			buildActionMask = 2147483647;
			files = (
				BB598A661AE2F49E009F5997 /* TestingDataBase.swift in Sources */,
				BB598A621AE2F49E009F5997 /* LogInTest.swift in Sources */,
				BB598A671AE2F49E009F5997 /* TestingDownloadTest.swift in Sources */,
				9477AE701A9F037900A2DCEF /* PostDataBase.swift in Sources */,
				BB598A631AE2F49E009F5997 /* RelationalTestingDataBase.swift in Sources */,
				9477AE741A9F037900A2DCEF /* UserDataBase.swift in Sources */,
				9477AE721A9F037900A2DCEF /* RestaurantDataBase.swift in Sources */,
				BB598A651AE2F49E009F5997 /* SignUpTest.swift in Sources */,
				9477AE6E1A9F037900A2DCEF /* DataBase.swift in Sources */,
				9477AE6F1A9F037900A2DCEF /* PhotoDataBase.swift in Sources */,
				BB598A681AE2F49E009F5997 /* TestingUploadTest.swift in Sources */,
				BB598A641AE2F49E009F5997 /* SampleTests.swift in Sources */,
				9477AE731A9F037900A2DCEF /* User.swift in Sources */,
				BB8E475F1AF041B20076151C /* CloudCodeTest.swift in Sources */,
				9477AE7A1A9F050400A2DCEF /* ParseHeader.m in Sources */,
			);
			runOnlyForDeploymentPostprocessing = 0;
		};
/* End PBXSourcesBuildPhase section */

/* Begin PBXTargetDependency section */
		17BE0B451A8BD36A0025AFC4 /* PBXTargetDependency */ = {
			isa = PBXTargetDependency;
			target = 17BE0B2B1A8BD36A0025AFC4 /* Project Foodie */;
			targetProxy = 17BE0B441A8BD36A0025AFC4 /* PBXContainerItemProxy */;
		};
/* End PBXTargetDependency section */

/* Begin PBXVariantGroup section */
		17BE0B371A8BD36A0025AFC4 /* Main.storyboard */ = {
			isa = PBXVariantGroup;
			children = (
				17BE0B381A8BD36A0025AFC4 /* Base */,
			);
			name = Main.storyboard;
			sourceTree = "<group>";
		};
		17BE0B3C1A8BD36A0025AFC4 /* LaunchScreen.xib */ = {
			isa = PBXVariantGroup;
			children = (
				17BE0B3D1A8BD36A0025AFC4 /* Base */,
			);
			name = LaunchScreen.xib;
			sourceTree = "<group>";
		};
/* End PBXVariantGroup section */

/* Begin XCBuildConfiguration section */
		17BE0B4B1A8BD36A0025AFC4 /* Debug */ = {
			isa = XCBuildConfiguration;
			buildSettings = {
				ALWAYS_SEARCH_USER_PATHS = NO;
				CLANG_CXX_LANGUAGE_STANDARD = "gnu++0x";
				CLANG_CXX_LIBRARY = "libc++";
				CLANG_ENABLE_MODULES = YES;
				CLANG_ENABLE_OBJC_ARC = YES;
				CLANG_WARN_BOOL_CONVERSION = YES;
				CLANG_WARN_CONSTANT_CONVERSION = YES;
				CLANG_WARN_DIRECT_OBJC_ISA_USAGE = YES_ERROR;
				CLANG_WARN_EMPTY_BODY = YES;
				CLANG_WARN_ENUM_CONVERSION = YES;
				CLANG_WARN_INT_CONVERSION = YES;
				CLANG_WARN_OBJC_ROOT_CLASS = YES_ERROR;
				CLANG_WARN_UNREACHABLE_CODE = YES;
				CLANG_WARN__DUPLICATE_METHOD_MATCH = YES;
				"CODE_SIGN_IDENTITY[sdk=iphoneos*]" = "iPhone Developer";
				COPY_PHASE_STRIP = NO;
				ENABLE_STRICT_OBJC_MSGSEND = YES;
				GCC_C_LANGUAGE_STANDARD = gnu99;
				GCC_DYNAMIC_NO_PIC = NO;
				GCC_OPTIMIZATION_LEVEL = 0;
				GCC_PREPROCESSOR_DEFINITIONS = (
					"DEBUG=1",
					"$(inherited)",
				);
				GCC_SYMBOLS_PRIVATE_EXTERN = NO;
				GCC_WARN_64_TO_32_BIT_CONVERSION = YES;
				GCC_WARN_ABOUT_RETURN_TYPE = YES_ERROR;
				GCC_WARN_UNDECLARED_SELECTOR = YES;
				GCC_WARN_UNINITIALIZED_AUTOS = YES_AGGRESSIVE;
				GCC_WARN_UNUSED_FUNCTION = YES;
				GCC_WARN_UNUSED_VARIABLE = YES;
				IPHONEOS_DEPLOYMENT_TARGET = 8.1;
				MTL_ENABLE_DEBUG_INFO = YES;
				ONLY_ACTIVE_ARCH = YES;
				SDKROOT = iphoneos;
				SWIFT_OPTIMIZATION_LEVEL = "-Onone";
			};
			name = Debug;
		};
		17BE0B4C1A8BD36A0025AFC4 /* Release */ = {
			isa = XCBuildConfiguration;
			buildSettings = {
				ALWAYS_SEARCH_USER_PATHS = NO;
				CLANG_CXX_LANGUAGE_STANDARD = "gnu++0x";
				CLANG_CXX_LIBRARY = "libc++";
				CLANG_ENABLE_MODULES = YES;
				CLANG_ENABLE_OBJC_ARC = YES;
				CLANG_WARN_BOOL_CONVERSION = YES;
				CLANG_WARN_CONSTANT_CONVERSION = YES;
				CLANG_WARN_DIRECT_OBJC_ISA_USAGE = YES_ERROR;
				CLANG_WARN_EMPTY_BODY = YES;
				CLANG_WARN_ENUM_CONVERSION = YES;
				CLANG_WARN_INT_CONVERSION = YES;
				CLANG_WARN_OBJC_ROOT_CLASS = YES_ERROR;
				CLANG_WARN_UNREACHABLE_CODE = YES;
				CLANG_WARN__DUPLICATE_METHOD_MATCH = YES;
				"CODE_SIGN_IDENTITY[sdk=iphoneos*]" = "iPhone Developer";
				COPY_PHASE_STRIP = YES;
				ENABLE_NS_ASSERTIONS = NO;
				ENABLE_STRICT_OBJC_MSGSEND = YES;
				GCC_C_LANGUAGE_STANDARD = gnu99;
				GCC_WARN_64_TO_32_BIT_CONVERSION = YES;
				GCC_WARN_ABOUT_RETURN_TYPE = YES_ERROR;
				GCC_WARN_UNDECLARED_SELECTOR = YES;
				GCC_WARN_UNINITIALIZED_AUTOS = YES_AGGRESSIVE;
				GCC_WARN_UNUSED_FUNCTION = YES;
				GCC_WARN_UNUSED_VARIABLE = YES;
				IPHONEOS_DEPLOYMENT_TARGET = 8.1;
				MTL_ENABLE_DEBUG_INFO = NO;
				SDKROOT = iphoneos;
				VALIDATE_PRODUCT = YES;
			};
			name = Release;
		};
		17BE0B4E1A8BD36A0025AFC4 /* Debug */ = {
			isa = XCBuildConfiguration;
			buildSettings = {
				ASSETCATALOG_COMPILER_APPICON_NAME = AppIcon;
				CLANG_ENABLE_MODULES = YES;
				CODE_SIGN_IDENTITY = "";
				"CODE_SIGN_IDENTITY[sdk=iphoneos*]" = "iPhone Developer";
				FRAMEWORK_SEARCH_PATHS = (
					"$(inherited)",
					"$(PROJECT_DIR)/Sample/Framework",
				);
				INFOPLIST_FILE = Sample/Info.plist;
				IPHONEOS_DEPLOYMENT_TARGET = 8.1;
				LD_RUNPATH_SEARCH_PATHS = "$(inherited) @executable_path/Frameworks";
				PRODUCT_NAME = "Project Foodie";
				PROVISIONING_PROFILE = "886f3bad-88d1-46ff-949e-1f2d6795aafc";
				SWIFT_OBJC_BRIDGING_HEADER = "Sample/Project Foodie-Bridging-Header.h";
				SWIFT_OPTIMIZATION_LEVEL = "-Onone";
				TARGETED_DEVICE_FAMILY = 1;
			};
			name = Debug;
		};
		17BE0B4F1A8BD36A0025AFC4 /* Release */ = {
			isa = XCBuildConfiguration;
			buildSettings = {
				ASSETCATALOG_COMPILER_APPICON_NAME = AppIcon;
				CLANG_ENABLE_MODULES = YES;
				CODE_SIGN_IDENTITY = "";
				"CODE_SIGN_IDENTITY[sdk=iphoneos*]" = "iPhone Developer";
				FRAMEWORK_SEARCH_PATHS = (
					"$(inherited)",
					"$(PROJECT_DIR)/Sample/Framework",
				);
				INFOPLIST_FILE = Sample/Info.plist;
				IPHONEOS_DEPLOYMENT_TARGET = 8.1;
				LD_RUNPATH_SEARCH_PATHS = "$(inherited) @executable_path/Frameworks";
				PRODUCT_NAME = "Project Foodie";
				PROVISIONING_PROFILE = "886f3bad-88d1-46ff-949e-1f2d6795aafc";
				SWIFT_OBJC_BRIDGING_HEADER = "Sample/Project Foodie-Bridging-Header.h";
				TARGETED_DEVICE_FAMILY = 1;
			};
			name = Release;
		};
		17BE0B511A8BD36A0025AFC4 /* Debug */ = {
			isa = XCBuildConfiguration;
			buildSettings = {
				BUNDLE_LOADER = "$(TEST_HOST)";
				CLANG_ENABLE_MODULES = YES;
				FRAMEWORK_SEARCH_PATHS = (
					"$(SDKROOT)/Developer/Library/Frameworks",
					"$(inherited)",
					"$(PROJECT_DIR)/Sample/Framework",
				);
				GCC_PREPROCESSOR_DEFINITIONS = (
					"DEBUG=1",
					"$(inherited)",
				);
				INFOPLIST_FILE = SampleTests/Info.plist;
				LD_RUNPATH_SEARCH_PATHS = "$(inherited) @executable_path/Frameworks @loader_path/Frameworks";
				PRODUCT_NAME = "Project FoodieTests";
				SWIFT_OBJC_BRIDGING_HEADER = "Sample/Project FoodieTests-Bridging-Header.h";
				SWIFT_OPTIMIZATION_LEVEL = "-Onone";
			};
			name = Debug;
		};
		17BE0B521A8BD36A0025AFC4 /* Release */ = {
			isa = XCBuildConfiguration;
			buildSettings = {
				BUNDLE_LOADER = "$(TEST_HOST)";
				CLANG_ENABLE_MODULES = YES;
				FRAMEWORK_SEARCH_PATHS = (
					"$(SDKROOT)/Developer/Library/Frameworks",
					"$(inherited)",
					"$(PROJECT_DIR)/Sample/Framework",
				);
				INFOPLIST_FILE = SampleTests/Info.plist;
				LD_RUNPATH_SEARCH_PATHS = "$(inherited) @executable_path/Frameworks @loader_path/Frameworks";
				PRODUCT_NAME = "Project FoodieTests";
				SWIFT_OBJC_BRIDGING_HEADER = "Sample/Project FoodieTests-Bridging-Header.h";
			};
			name = Release;
		};
/* End XCBuildConfiguration section */

/* Begin XCConfigurationList section */
		17BE0B271A8BD36A0025AFC4 /* Build configuration list for PBXProject "Project Foodie" */ = {
			isa = XCConfigurationList;
			buildConfigurations = (
				17BE0B4B1A8BD36A0025AFC4 /* Debug */,
				17BE0B4C1A8BD36A0025AFC4 /* Release */,
			);
			defaultConfigurationIsVisible = 0;
			defaultConfigurationName = Release;
		};
		17BE0B4D1A8BD36A0025AFC4 /* Build configuration list for PBXNativeTarget "Project Foodie" */ = {
			isa = XCConfigurationList;
			buildConfigurations = (
				17BE0B4E1A8BD36A0025AFC4 /* Debug */,
				17BE0B4F1A8BD36A0025AFC4 /* Release */,
			);
			defaultConfigurationIsVisible = 0;
			defaultConfigurationName = Release;
		};
		17BE0B501A8BD36A0025AFC4 /* Build configuration list for PBXNativeTarget "Project FoodieTests" */ = {
			isa = XCConfigurationList;
			buildConfigurations = (
				17BE0B511A8BD36A0025AFC4 /* Debug */,
				17BE0B521A8BD36A0025AFC4 /* Release */,
			);
			defaultConfigurationIsVisible = 0;
			defaultConfigurationName = Release;
		};
/* End XCConfigurationList section */
	};
	rootObject = 17BE0B241A8BD36A0025AFC4 /* Project object */;
}
